
Microsoft Visual Studio Solution File, Format Version 12.00
# Visual Studio Version 16
VisualStudioVersion = 16.0.29905.134
MinimumVisualStudioVersion = 10.0.40219.1
Project("{9A19103F-16F7-4668-BE54-9A1E7A4F7556}") = "Mediator", "Mediator\Mediator.csproj", "{5E550E2A-E883-4E17-B162-C3973EF9FBDD}"
EndProject
Project("{9A19103F-16F7-4668-BE54-9A1E7A4F7556}") = "Composite", "Composite\Composite.csproj", "{84A63CF9-DFDE-4497-9244-0E02453B7F66}"
EndProject
Project("{9A19103F-16F7-4668-BE54-9A1E7A4F7556}") = "AdapterPattern", "AdapterPattern\AdapterPattern.csproj", "{5796FDEE-1642-4B42-9059-FB630B1125A5}"
EndProject
Project("{FAE04EC0-301F-11D3-BF4B-00C04F79EFBC}") = "Decorator", "Decorator\Decorator.csproj", "{6BF478E4-75C1-47F6-9171-ECC4DD7D23B4}"
EndProject
Global
	GlobalSection(SolutionConfigurationPlatforms) = preSolution
		Debug|Any CPU = Debug|Any CPU
		Release|Any CPU = Release|Any CPU
	EndGlobalSection
	GlobalSection(ProjectConfigurationPlatforms) = postSolution
		{5E550E2A-E883-4E17-B162-C3973EF9FBDD}.Debug|Any CPU.ActiveCfg = Debug|Any CPU
		{5E550E2A-E883-4E17-B162-C3973EF9FBDD}.Debug|Any CPU.Build.0 = Debug|Any CPU
		{5E550E2A-E883-4E17-B162-C3973EF9FBDD}.Release|Any CPU.ActiveCfg = Release|Any CPU
		{5E550E2A-E883-4E17-B162-C3973EF9FBDD}.Release|Any CPU.Build.0 = Release|Any CPU
		{84A63CF9-DFDE-4497-9244-0E02453B7F66}.Debug|Any CPU.ActiveCfg = Debug|Any CPU
		{84A63CF9-DFDE-4497-9244-0E02453B7F66}.Debug|Any CPU.Build.0 = Debug|Any CPU
		{84A63CF9-DFDE-4497-9244-0E02453B7F66}.Release|Any CPU.ActiveCfg = Release|Any CPU
		{84A63CF9-DFDE-4497-9244-0E02453B7F66}.Release|Any CPU.Build.0 = Release|Any CPU
		{5796FDEE-1642-4B42-9059-FB630B1125A5}.Debug|Any CPU.ActiveCfg = Debug|Any CPU
		{5796FDEE-1642-4B42-9059-FB630B1125A5}.Debug|Any CPU.Build.0 = Debug|Any CPU
		{5796FDEE-1642-4B42-9059-FB630B1125A5}.Release|Any CPU.ActiveCfg = Release|Any CPU
		{5796FDEE-1642-4B42-9059-FB630B1125A5}.Release|Any CPU.Build.0 = Release|Any CPU
		{6BF478E4-75C1-47F6-9171-ECC4DD7D23B4}.Debug|Any CPU.ActiveCfg = Debug|Any CPU
		{6BF478E4-75C1-47F6-9171-ECC4DD7D23B4}.Debug|Any CPU.Build.0 = Debug|Any CPU
		{6BF478E4-75C1-47F6-9171-ECC4DD7D23B4}.Release|Any CPU.ActiveCfg = Release|Any CPU
		{6BF478E4-75C1-47F6-9171-ECC4DD7D23B4}.Release|Any CPU.Build.0 = Release|Any CPU
	EndGlobalSection
	GlobalSection(SolutionProperties) = preSolution
		HideSolutionNode = FALSE
	EndGlobalSection
	GlobalSection(ExtensibilityGlobals) = postSolution
		SolutionGuid = {69F19341-AF6F-4CC4-A06C-026F2D52A025}
	EndGlobalSection
EndGlobal
